
Microsoft Visual Studio Solution File, Format Version 12.00
# Visual Studio 15
VisualStudioVersion = 15.0.27428.2027
MinimumVisualStudioVersion = 10.0.40219.1
Project("{FAE04EC0-301F-11D3-BF4B-00C04F79EFBC}") = "Projeto gasolina", "Projeto gasolina\Projeto gasolina.csproj", "{BA18F0F8-B871-4D26-A597-5F8FEAAA2583}"
EndProject
Global
	GlobalSection(SolutionConfigurationPlatforms) = preSolution
		Debug|Any CPU = Debug|Any CPU
		Release|Any CPU = Release|Any CPU
	EndGlobalSection
	GlobalSection(ProjectConfigurationPlatforms) = postSolution
		{BA18F0F8-B871-4D26-A597-5F8FEAAA2583}.Debug|Any CPU.ActiveCfg = Debug|Any CPU
		{BA18F0F8-B871-4D26-A597-5F8FEAAA2583}.Debug|Any CPU.Build.0 = Debug|Any CPU
		{BA18F0F8-B871-4D26-A597-5F8FEAAA2583}.Release|Any CPU.ActiveCfg = Release|Any CPU
		{BA18F0F8-B871-4D26-A597-5F8FEAAA2583}.Release|Any CPU.Build.0 = Release|Any CPU
	EndGlobalSection
	GlobalSection(SolutionProperties) = preSolution
		HideSolutionNode = FALSE
	EndGlobalSection
	GlobalSection(ExtensibilityGlobals) = postSolution
		SolutionGuid = {4A13F64A-DA6E-46DE-B055-FA3CDC6130A1}
	EndGlobalSection
EndGlobal
